// !$*UTF8*$!
{
	archiveVersion = 1;
	classes = {
	};
	objectVersion = 50;
	objects = {

/* Begin PBXBuildFile section */
		630D21E7262F5CD0002FFFC3 /* MeasurementHelpers.swift in Sources */ = {isa = PBXBuildFile; fileRef = 630D21E6262F5CD0002FFFC3 /* MeasurementHelpers.swift */; };
		6361AF76262CD5BB0067A8DD /* SafetyCoverLookups.swift in Sources */ = {isa = PBXBuildFile; fileRef = 6361AF75262CD5BB0067A8DD /* SafetyCoverLookups.swift */; };
		6388F6C32641F99400EAAD4A /* PoolShapes.swift in Sources */ = {isa = PBXBuildFile; fileRef = 6388F6C22641F99400EAAD4A /* PoolShapes.swift */; };
		6388F6C62641FCE500EAAD4A /* LinerPriceCalculator.swift in Sources */ = {isa = PBXBuildFile; fileRef = 6388F6C52641FCE500EAAD4A /* LinerPriceCalculator.swift */; };
		6388F6C8264200A400EAAD4A /* LinerLookups.swift in Sources */ = {isa = PBXBuildFile; fileRef = 6388F6C7264200A400EAAD4A /* LinerLookups.swift */; };
		6388F6CA2642017D00EAAD4A /* LinerPriceCalculatorTests.swift in Sources */ = {isa = PBXBuildFile; fileRef = 6388F6C92642017D00EAAD4A /* LinerPriceCalculatorTests.swift */; };
		63CD679D2628F392002B92F9 /* PriceCalculatorApp.swift in Sources */ = {isa = PBXBuildFile; fileRef = 63CD679C2628F392002B92F9 /* PriceCalculatorApp.swift */; };
		63CD679F2628F392002B92F9 /* ContentView.swift in Sources */ = {isa = PBXBuildFile; fileRef = 63CD679E2628F392002B92F9 /* ContentView.swift */; };
		63CD67A12628F394002B92F9 /* Assets.xcassets in Resources */ = {isa = PBXBuildFile; fileRef = 63CD67A02628F394002B92F9 /* Assets.xcassets */; };
		63CD67A42628F394002B92F9 /* Preview Assets.xcassets in Resources */ = {isa = PBXBuildFile; fileRef = 63CD67A32628F394002B92F9 /* Preview Assets.xcassets */; };
		63CD67AF2628F394002B92F9 /* PriceCalculatorTests.swift in Sources */ = {isa = PBXBuildFile; fileRef = 63CD67AE2628F394002B92F9 /* PriceCalculatorTests.swift */; };
		63CD67BA2628F394002B92F9 /* PriceCalculatorUITests.swift in Sources */ = {isa = PBXBuildFile; fileRef = 63CD67B92628F394002B92F9 /* PriceCalculatorUITests.swift */; };
		63CD67CC2628F4E9002B92F9 /* PriceManager.swift in Sources */ = {isa = PBXBuildFile; fileRef = 63CD67CB2628F4E9002B92F9 /* PriceManager.swift */; };
/* End PBXBuildFile section */

/* Begin PBXContainerItemProxy section */
		63CD67AB2628F394002B92F9 /* PBXContainerItemProxy */ = {
			isa = PBXContainerItemProxy;
			containerPortal = 63CD67912628F392002B92F9 /* Project object */;
			proxyType = 1;
			remoteGlobalIDString = 63CD67982628F392002B92F9;
			remoteInfo = PriceCalculator;
		};
		63CD67B62628F394002B92F9 /* PBXContainerItemProxy */ = {
			isa = PBXContainerItemProxy;
			containerPortal = 63CD67912628F392002B92F9 /* Project object */;
			proxyType = 1;
			remoteGlobalIDString = 63CD67982628F392002B92F9;
			remoteInfo = PriceCalculator;
		};
/* End PBXContainerItemProxy section */

/* Begin PBXFileReference section */
		630D21E6262F5CD0002FFFC3 /* MeasurementHelpers.swift */ = {isa = PBXFileReference; lastKnownFileType = sourcecode.swift; path = MeasurementHelpers.swift; sourceTree = "<group>"; };
		6361AF75262CD5BB0067A8DD /* SafetyCoverLookups.swift */ = {isa = PBXFileReference; lastKnownFileType = sourcecode.swift; path = SafetyCoverLookups.swift; sourceTree = "<group>"; };
		6388F6C22641F99400EAAD4A /* PoolShapes.swift */ = {isa = PBXFileReference; lastKnownFileType = sourcecode.swift; path = PoolShapes.swift; sourceTree = "<group>"; };
		6388F6C52641FCE500EAAD4A /* LinerPriceCalculator.swift */ = {isa = PBXFileReference; lastKnownFileType = sourcecode.swift; path = LinerPriceCalculator.swift; sourceTree = "<group>"; };
		6388F6C7264200A400EAAD4A /* LinerLookups.swift */ = {isa = PBXFileReference; lastKnownFileType = sourcecode.swift; path = LinerLookups.swift; sourceTree = "<group>"; };
		6388F6C92642017D00EAAD4A /* LinerPriceCalculatorTests.swift */ = {isa = PBXFileReference; lastKnownFileType = sourcecode.swift; path = LinerPriceCalculatorTests.swift; sourceTree = "<group>"; };
		63CD67992628F392002B92F9 /* PriceCalculator.app */ = {isa = PBXFileReference; explicitFileType = wrapper.application; includeInIndex = 0; path = PriceCalculator.app; sourceTree = BUILT_PRODUCTS_DIR; };
		63CD679C2628F392002B92F9 /* PriceCalculatorApp.swift */ = {isa = PBXFileReference; lastKnownFileType = sourcecode.swift; path = PriceCalculatorApp.swift; sourceTree = "<group>"; };
		63CD679E2628F392002B92F9 /* ContentView.swift */ = {isa = PBXFileReference; lastKnownFileType = sourcecode.swift; path = ContentView.swift; sourceTree = "<group>"; };
		63CD67A02628F394002B92F9 /* Assets.xcassets */ = {isa = PBXFileReference; lastKnownFileType = folder.assetcatalog; path = Assets.xcassets; sourceTree = "<group>"; };
		63CD67A32628F394002B92F9 /* Preview Assets.xcassets */ = {isa = PBXFileReference; lastKnownFileType = folder.assetcatalog; path = "Preview Assets.xcassets"; sourceTree = "<group>"; };
		63CD67A52628F394002B92F9 /* Info.plist */ = {isa = PBXFileReference; lastKnownFileType = text.plist.xml; path = Info.plist; sourceTree = "<group>"; };
		63CD67AA2628F394002B92F9 /* PriceCalculatorTests.xctest */ = {isa = PBXFileReference; explicitFileType = wrapper.cfbundle; includeInIndex = 0; path = PriceCalculatorTests.xctest; sourceTree = BUILT_PRODUCTS_DIR; };
		63CD67AE2628F394002B92F9 /* PriceCalculatorTests.swift */ = {isa = PBXFileReference; lastKnownFileType = sourcecode.swift; path = PriceCalculatorTests.swift; sourceTree = "<group>"; };
		63CD67B02628F394002B92F9 /* Info.plist */ = {isa = PBXFileReference; lastKnownFileType = text.plist.xml; path = Info.plist; sourceTree = "<group>"; };
		63CD67B52628F394002B92F9 /* PriceCalculatorUITests.xctest */ = {isa = PBXFileReference; explicitFileType = wrapper.cfbundle; includeInIndex = 0; path = PriceCalculatorUITests.xctest; sourceTree = BUILT_PRODUCTS_DIR; };
		63CD67B92628F394002B92F9 /* PriceCalculatorUITests.swift */ = {isa = PBXFileReference; lastKnownFileType = sourcecode.swift; path = PriceCalculatorUITests.swift; sourceTree = "<group>"; };
		63CD67BB2628F394002B92F9 /* Info.plist */ = {isa = PBXFileReference; lastKnownFileType = text.plist.xml; path = Info.plist; sourceTree = "<group>"; };
		63CD67CB2628F4E9002B92F9 /* PriceManager.swift */ = {isa = PBXFileReference; lastKnownFileType = sourcecode.swift; path = PriceManager.swift; sourceTree = "<group>"; };
/* End PBXFileReference section */

/* Begin PBXFrameworksBuildPhase section */
		63CD67962628F392002B92F9 /* Frameworks */ = {
			isa = PBXFrameworksBuildPhase;
			buildActionMask = 2147483647;
			files = (
			);
			runOnlyForDeploymentPostprocessing = 0;
		};
		63CD67A72628F394002B92F9 /* Frameworks */ = {
			isa = PBXFrameworksBuildPhase;
			buildActionMask = 2147483647;
			files = (
			);
			runOnlyForDeploymentPostprocessing = 0;
		};
		63CD67B22628F394002B92F9 /* Frameworks */ = {
			isa = PBXFrameworksBuildPhase;
			buildActionMask = 2147483647;
			files = (
			);
			runOnlyForDeploymentPostprocessing = 0;
		};
/* End PBXFrameworksBuildPhase section */

/* Begin PBXGroup section */
		630D21E5262F5CA5002FFFC3 /* Utilities */ = {
			isa = PBXGroup;
			children = (
				630D21E6262F5CD0002FFFC3 /* MeasurementHelpers.swift */,
			);
			path = Utilities;
			sourceTree = "<group>";
		};
		6388F6C42641FCBC00EAAD4A /* Liner */ = {
			isa = PBXGroup;
			children = (
				6388F6C52641FCE500EAAD4A /* LinerPriceCalculator.swift */,
				6388F6C7264200A400EAAD4A /* LinerLookups.swift */,
			);
			path = Liner;
			sourceTree = "<group>";
		};
		63CD67902628F392002B92F9 = {
			isa = PBXGroup;
			children = (
				63CD679B2628F392002B92F9 /* PriceCalculator */,
				63CD67AD2628F394002B92F9 /* PriceCalculatorTests */,
				63CD67B82628F394002B92F9 /* PriceCalculatorUITests */,
				63CD679A2628F392002B92F9 /* Products */,
			);
			sourceTree = "<group>";
		};
		63CD679A2628F392002B92F9 /* Products */ = {
			isa = PBXGroup;
			children = (
				63CD67992628F392002B92F9 /* PriceCalculator.app */,
				63CD67AA2628F394002B92F9 /* PriceCalculatorTests.xctest */,
				63CD67B52628F394002B92F9 /* PriceCalculatorUITests.xctest */,
			);
			name = Products;
			sourceTree = "<group>";
		};
		63CD679B2628F392002B92F9 /* PriceCalculator */ = {
			isa = PBXGroup;
			children = (
				6388F6C42641FCBC00EAAD4A /* Liner */,
				630D21E5262F5CA5002FFFC3 /* Utilities */,
				63CD67CA2628F492002B92F9 /* SafetyCover */,
				63CD679C2628F392002B92F9 /* PriceCalculatorApp.swift */,
				63CD679E2628F392002B92F9 /* ContentView.swift */,
				63CD67A02628F394002B92F9 /* Assets.xcassets */,
				63CD67A52628F394002B92F9 /* Info.plist */,
				63CD67A22628F394002B92F9 /* Preview Content */,
				6388F6C22641F99400EAAD4A /* PoolShapes.swift */,
			);
			path = PriceCalculator;
			sourceTree = "<group>";
		};
		63CD67A22628F394002B92F9 /* Preview Content */ = {
			isa = PBXGroup;
			children = (
				63CD67A32628F394002B92F9 /* Preview Assets.xcassets */,
			);
			path = "Preview Content";
			sourceTree = "<group>";
		};
		63CD67AD2628F394002B92F9 /* PriceCalculatorTests */ = {
			isa = PBXGroup;
			children = (
				63CD67AE2628F394002B92F9 /* PriceCalculatorTests.swift */,
				63CD67B02628F394002B92F9 /* Info.plist */,
				6388F6C92642017D00EAAD4A /* LinerPriceCalculatorTests.swift */,
			);
			path = PriceCalculatorTests;
			sourceTree = "<group>";
		};
		63CD67B82628F394002B92F9 /* PriceCalculatorUITests */ = {
			isa = PBXGroup;
			children = (
				63CD67B92628F394002B92F9 /* PriceCalculatorUITests.swift */,
				63CD67BB2628F394002B92F9 /* Info.plist */,
			);
			path = PriceCalculatorUITests;
			sourceTree = "<group>";
		};
		63CD67CA2628F492002B92F9 /* SafetyCover */ = {
			isa = PBXGroup;
			children = (
				63CD67CB2628F4E9002B92F9 /* PriceManager.swift */,
				6361AF75262CD5BB0067A8DD /* SafetyCoverLookups.swift */,
			);
			path = SafetyCover;
			sourceTree = "<group>";
		};
/* End PBXGroup section */

/* Begin PBXNativeTarget section */
		63CD67982628F392002B92F9 /* PriceCalculator */ = {
			isa = PBXNativeTarget;
			buildConfigurationList = 63CD67BE2628F394002B92F9 /* Build configuration list for PBXNativeTarget "PriceCalculator" */;
			buildPhases = (
				63CD67952628F392002B92F9 /* Sources */,
				63CD67962628F392002B92F9 /* Frameworks */,
				63CD67972628F392002B92F9 /* Resources */,
			);
			buildRules = (
			);
			dependencies = (
			);
			name = PriceCalculator;
			productName = PriceCalculator;
			productReference = 63CD67992628F392002B92F9 /* PriceCalculator.app */;
			productType = "com.apple.product-type.application";
		};
		63CD67A92628F394002B92F9 /* PriceCalculatorTests */ = {
			isa = PBXNativeTarget;
			buildConfigurationList = 63CD67C12628F394002B92F9 /* Build configuration list for PBXNativeTarget "PriceCalculatorTests" */;
			buildPhases = (
				63CD67A62628F394002B92F9 /* Sources */,
				63CD67A72628F394002B92F9 /* Frameworks */,
				63CD67A82628F394002B92F9 /* Resources */,
			);
			buildRules = (
			);
			dependencies = (
				63CD67AC2628F394002B92F9 /* PBXTargetDependency */,
			);
			name = PriceCalculatorTests;
			productName = PriceCalculatorTests;
			productReference = 63CD67AA2628F394002B92F9 /* PriceCalculatorTests.xctest */;
			productType = "com.apple.product-type.bundle.unit-test";
		};
		63CD67B42628F394002B92F9 /* PriceCalculatorUITests */ = {
			isa = PBXNativeTarget;
			buildConfigurationList = 63CD67C42628F394002B92F9 /* Build configuration list for PBXNativeTarget "PriceCalculatorUITests" */;
			buildPhases = (
				63CD67B12628F394002B92F9 /* Sources */,
				63CD67B22628F394002B92F9 /* Frameworks */,
				63CD67B32628F394002B92F9 /* Resources */,
			);
			buildRules = (
			);
			dependencies = (
				63CD67B72628F394002B92F9 /* PBXTargetDependency */,
			);
			name = PriceCalculatorUITests;
			productName = PriceCalculatorUITests;
			productReference = 63CD67B52628F394002B92F9 /* PriceCalculatorUITests.xctest */;
			productType = "com.apple.product-type.bundle.ui-testing";
		};
/* End PBXNativeTarget section */

/* Begin PBXProject section */
		63CD67912628F392002B92F9 /* Project object */ = {
			isa = PBXProject;
			attributes = {
				LastSwiftUpdateCheck = 1240;
				LastUpgradeCheck = 1240;
				TargetAttributes = {
					63CD67982628F392002B92F9 = {
						CreatedOnToolsVersion = 12.4;
					};
					63CD67A92628F394002B92F9 = {
						CreatedOnToolsVersion = 12.4;
						TestTargetID = 63CD67982628F392002B92F9;
					};
					63CD67B42628F394002B92F9 = {
						CreatedOnToolsVersion = 12.4;
						TestTargetID = 63CD67982628F392002B92F9;
					};
				};
			};
			buildConfigurationList = 63CD67942628F392002B92F9 /* Build configuration list for PBXProject "PriceCalculator" */;
			compatibilityVersion = "Xcode 9.3";
			developmentRegion = en;
			hasScannedForEncodings = 0;
			knownRegions = (
				en,
				Base,
			);
			mainGroup = 63CD67902628F392002B92F9;
			productRefGroup = 63CD679A2628F392002B92F9 /* Products */;
			projectDirPath = "";
			projectRoot = "";
			targets = (
				63CD67982628F392002B92F9 /* PriceCalculator */,
				63CD67A92628F394002B92F9 /* PriceCalculatorTests */,
				63CD67B42628F394002B92F9 /* PriceCalculatorUITests */,
			);
		};
/* End PBXProject section */

/* Begin PBXResourcesBuildPhase section */
		63CD67972628F392002B92F9 /* Resources */ = {
			isa = PBXResourcesBuildPhase;
			buildActionMask = 2147483647;
			files = (
				63CD67A42628F394002B92F9 /* Preview Assets.xcassets in Resources */,
				63CD67A12628F394002B92F9 /* Assets.xcassets in Resources */,
			);
			runOnlyForDeploymentPostprocessing = 0;
		};
		63CD67A82628F394002B92F9 /* Resources */ = {
			isa = PBXResourcesBuildPhase;
			buildActionMask = 2147483647;
			files = (
			);
			runOnlyForDeploymentPostprocessing = 0;
		};
		63CD67B32628F394002B92F9 /* Resources */ = {
			isa = PBXResourcesBuildPhase;
			buildActionMask = 2147483647;
			files = (
			);
			runOnlyForDeploymentPostprocessing = 0;
		};
/* End PBXResourcesBuildPhase section */

/* Begin PBXSourcesBuildPhase section */
		63CD67952628F392002B92F9 /* Sources */ = {
			isa = PBXSourcesBuildPhase;
			buildActionMask = 2147483647;
			files = (
				630D21E7262F5CD0002FFFC3 /* MeasurementHelpers.swift in Sources */,
				6388F6C32641F99400EAAD4A /* PoolShapes.swift in Sources */,
				6388F6C62641FCE500EAAD4A /* LinerPriceCalculator.swift in Sources */,
				63CD67CC2628F4E9002B92F9 /* PriceManager.swift in Sources */,
				6388F6C8264200A400EAAD4A /* LinerLookups.swift in Sources */,
				63CD679F2628F392002B92F9 /* ContentView.swift in Sources */,
				63CD679D2628F392002B92F9 /* PriceCalculatorApp.swift in Sources */,
				6361AF76262CD5BB0067A8DD /* SafetyCoverLookups.swift in Sources */,
			);
			runOnlyForDeploymentPostprocessing = 0;
		};
		63CD67A62628F394002B92F9 /* Sources */ = {
			isa = PBXSourcesBuildPhase;
			buildActionMask = 2147483647;
			files = (
				6388F6CA2642017D00EAAD4A /* LinerPriceCalculatorTests.swift in Sources */,
				63CD67AF2628F394002B92F9 /* PriceCalculatorTests.swift in Sources */,
			);
			runOnlyForDeploymentPostprocessing = 0;
		};
		63CD67B12628F394002B92F9 /* Sources */ = {
			isa = PBXSourcesBuildPhase;
			buildActionMask = 2147483647;
			files = (
				63CD67BA2628F394002B92F9 /* PriceCalculatorUITests.swift in Sources */,
			);
			runOnlyForDeploymentPostprocessing = 0;
		};
/* End PBXSourcesBuildPhase section */

/* Begin PBXTargetDependency section */
		63CD67AC2628F394002B92F9 /* PBXTargetDependency */ = {
			isa = PBXTargetDependency;
			target = 63CD67982628F392002B92F9 /* PriceCalculator */;
			targetProxy = 63CD67AB2628F394002B92F9 /* PBXContainerItemProxy */;
		};
		63CD67B72628F394002B92F9 /* PBXTargetDependency */ = {
			isa = PBXTargetDependency;
			target = 63CD67982628F392002B92F9 /* PriceCalculator */;
			targetProxy = 63CD67B62628F394002B92F9 /* PBXContainerItemProxy */;
		};
/* End PBXTargetDependency section */

/* Begin XCBuildConfiguration section */
		63CD67BC2628F394002B92F9 /* Debug */ = {
			isa = XCBuildConfiguration;
			buildSettings = {
				ALWAYS_SEARCH_USER_PATHS = NO;
				CLANG_ANALYZER_NONNULL = YES;
				CLANG_ANALYZER_NUMBER_OBJECT_CONVERSION = YES_AGGRESSIVE;
				CLANG_CXX_LANGUAGE_STANDARD = "gnu++14";
				CLANG_CXX_LIBRARY = "libc++";
				CLANG_ENABLE_MODULES = YES;
				CLANG_ENABLE_OBJC_ARC = YES;
				CLANG_ENABLE_OBJC_WEAK = YES;
				CLANG_WARN_BLOCK_CAPTURE_AUTORELEASING = YES;
				CLANG_WARN_BOOL_CONVERSION = YES;
				CLANG_WARN_COMMA = YES;
				CLANG_WARN_CONSTANT_CONVERSION = YES;
				CLANG_WARN_DEPRECATED_OBJC_IMPLEMENTATIONS = YES;
				CLANG_WARN_DIRECT_OBJC_ISA_USAGE = YES_ERROR;
				CLANG_WARN_DOCUMENTATION_COMMENTS = YES;
				CLANG_WARN_EMPTY_BODY = YES;
				CLANG_WARN_ENUM_CONVERSION = YES;
				CLANG_WARN_INFINITE_RECURSION = YES;
				CLANG_WARN_INT_CONVERSION = YES;
				CLANG_WARN_NON_LITERAL_NULL_CONVERSION = YES;
				CLANG_WARN_OBJC_IMPLICIT_RETAIN_SELF = YES;
				CLANG_WARN_OBJC_LITERAL_CONVERSION = YES;
				CLANG_WARN_OBJC_ROOT_CLASS = YES_ERROR;
				CLANG_WARN_QUOTED_INCLUDE_IN_FRAMEWORK_HEADER = YES;
				CLANG_WARN_RANGE_LOOP_ANALYSIS = YES;
				CLANG_WARN_STRICT_PROTOTYPES = YES;
				CLANG_WARN_SUSPICIOUS_MOVE = YES;
				CLANG_WARN_UNGUARDED_AVAILABILITY = YES_AGGRESSIVE;
				CLANG_WARN_UNREACHABLE_CODE = YES;
				CLANG_WARN__DUPLICATE_METHOD_MATCH = YES;
				COPY_PHASE_STRIP = NO;
				DEBUG_INFORMATION_FORMAT = dwarf;
				ENABLE_STRICT_OBJC_MSGSEND = YES;
				ENABLE_TESTABILITY = YES;
				GCC_C_LANGUAGE_STANDARD = gnu11;
				GCC_DYNAMIC_NO_PIC = NO;
				GCC_NO_COMMON_BLOCKS = YES;
				GCC_OPTIMIZATION_LEVEL = 0;
				GCC_PREPROCESSOR_DEFINITIONS = (
					"DEBUG=1",
					"$(inherited)",
				);
				GCC_WARN_64_TO_32_BIT_CONVERSION = YES;
				GCC_WARN_ABOUT_RETURN_TYPE = YES_ERROR;
				GCC_WARN_UNDECLARED_SELECTOR = YES;
				GCC_WARN_UNINITIALIZED_AUTOS = YES_AGGRESSIVE;
				GCC_WARN_UNUSED_FUNCTION = YES;
				GCC_WARN_UNUSED_VARIABLE = YES;
				IPHONEOS_DEPLOYMENT_TARGET = 14.4;
				MTL_ENABLE_DEBUG_INFO = INCLUDE_SOURCE;
				MTL_FAST_MATH = YES;
				ONLY_ACTIVE_ARCH = YES;
				SDKROOT = iphoneos;
				SWIFT_ACTIVE_COMPILATION_CONDITIONS = DEBUG;
				SWIFT_OPTIMIZATION_LEVEL = "-Onone";
			};
			name = Debug;
		};
		63CD67BD2628F394002B92F9 /* Release */ = {
			isa = XCBuildConfiguration;
			buildSettings = {
				ALWAYS_SEARCH_USER_PATHS = NO;
				CLANG_ANALYZER_NONNULL = YES;
				CLANG_ANALYZER_NUMBER_OBJECT_CONVERSION = YES_AGGRESSIVE;
				CLANG_CXX_LANGUAGE_STANDARD = "gnu++14";
				CLANG_CXX_LIBRARY = "libc++";
				CLANG_ENABLE_MODULES = YES;
				CLANG_ENABLE_OBJC_ARC = YES;
				CLANG_ENABLE_OBJC_WEAK = YES;
				CLANG_WARN_BLOCK_CAPTURE_AUTORELEASING = YES;
				CLANG_WARN_BOOL_CONVERSION = YES;
				CLANG_WARN_COMMA = YES;
				CLANG_WARN_CONSTANT_CONVERSION = YES;
				CLANG_WARN_DEPRECATED_OBJC_IMPLEMENTATIONS = YES;
				CLANG_WARN_DIRECT_OBJC_ISA_USAGE = YES_ERROR;
				CLANG_WARN_DOCUMENTATION_COMMENTS = YES;
				CLANG_WARN_EMPTY_BODY = YES;
				CLANG_WARN_ENUM_CONVERSION = YES;
				CLANG_WARN_INFINITE_RECURSION = YES;
				CLANG_WARN_INT_CONVERSION = YES;
				CLANG_WARN_NON_LITERAL_NULL_CONVERSION = YES;
				CLANG_WARN_OBJC_IMPLICIT_RETAIN_SELF = YES;
				CLANG_WARN_OBJC_LITERAL_CONVERSION = YES;
				CLANG_WARN_OBJC_ROOT_CLASS = YES_ERROR;
				CLANG_WARN_QUOTED_INCLUDE_IN_FRAMEWORK_HEADER = YES;
				CLANG_WARN_RANGE_LOOP_ANALYSIS = YES;
				CLANG_WARN_STRICT_PROTOTYPES = YES;
				CLANG_WARN_SUSPICIOUS_MOVE = YES;
				CLANG_WARN_UNGUARDED_AVAILABILITY = YES_AGGRESSIVE;
				CLANG_WARN_UNREACHABLE_CODE = YES;
				CLANG_WARN__DUPLICATE_METHOD_MATCH = YES;
				COPY_PHASE_STRIP = NO;
				DEBUG_INFORMATION_FORMAT = "dwarf-with-dsym";
				ENABLE_NS_ASSERTIONS = NO;
				ENABLE_STRICT_OBJC_MSGSEND = YES;
				GCC_C_LANGUAGE_STANDARD = gnu11;
				GCC_NO_COMMON_BLOCKS = YES;
				GCC_WARN_64_TO_32_BIT_CONVERSION = YES;
				GCC_WARN_ABOUT_RETURN_TYPE = YES_ERROR;
				GCC_WARN_UNDECLARED_SELECTOR = YES;
				GCC_WARN_UNINITIALIZED_AUTOS = YES_AGGRESSIVE;
				GCC_WARN_UNUSED_FUNCTION = YES;
				GCC_WARN_UNUSED_VARIABLE = YES;
				IPHONEOS_DEPLOYMENT_TARGET = 14.4;
				MTL_ENABLE_DEBUG_INFO = NO;
				MTL_FAST_MATH = YES;
				SDKROOT = iphoneos;
				SWIFT_COMPILATION_MODE = wholemodule;
				SWIFT_OPTIMIZATION_LEVEL = "-O";
				VALIDATE_PRODUCT = YES;
			};
			name = Release;
		};
		63CD67BF2628F394002B92F9 /* Debug */ = {
			isa = XCBuildConfiguration;
			buildSettings = {
				ASSETCATALOG_COMPILER_APPICON_NAME = AppIcon;
				ASSETCATALOG_COMPILER_GLOBAL_ACCENT_COLOR_NAME = AccentColor;
				CODE_SIGN_STYLE = Automatic;
				DEVELOPMENT_ASSET_PATHS = "\"PriceCalculator/Preview Content\"";
				ENABLE_PREVIEWS = YES;
				INFOPLIST_FILE = PriceCalculator/Info.plist;
				IPHONEOS_DEPLOYMENT_TARGET = 14.0;
				LD_RUNPATH_SEARCH_PATHS = (
					"$(inherited)",
					"@executable_path/Frameworks",
				);
				PRODUCT_BUNDLE_IDENTIFIER = com.brightai.PriceCalculator;
				PRODUCT_NAME = "$(TARGET_NAME)";
				SWIFT_VERSION = 5.0;
				TARGETED_DEVICE_FAMILY = "1,2";
			};
			name = Debug;
		};
		63CD67C02628F394002B92F9 /* Release */ = {
			isa = XCBuildConfiguration;
			buildSettings = {
				ASSETCATALOG_COMPILER_APPICON_NAME = AppIcon;
				ASSETCATALOG_COMPILER_GLOBAL_ACCENT_COLOR_NAME = AccentColor;
				CODE_SIGN_STYLE = Automatic;
				DEVELOPMENT_ASSET_PATHS = "\"PriceCalculator/Preview Content\"";
				ENABLE_PREVIEWS = YES;
				INFOPLIST_FILE = PriceCalculator/Info.plist;
				IPHONEOS_DEPLOYMENT_TARGET = 14.0;
				LD_RUNPATH_SEARCH_PATHS = (
					"$(inherited)",
					"@executable_path/Frameworks",
				);
				PRODUCT_BUNDLE_IDENTIFIER = com.brightai.PriceCalculator;
				PRODUCT_NAME = "$(TARGET_NAME)";
				SWIFT_VERSION = 5.0;
				TARGETED_DEVICE_FAMILY = "1,2";
			};
			name = Release;
		};
		63CD67C22628F394002B92F9 /* Debug */ = {
			isa = XCBuildConfiguration;
			buildSettings = {
				ALWAYS_EMBED_SWIFT_STANDARD_LIBRARIES = YES;
				BUNDLE_LOADER = "$(TEST_HOST)";
				CODE_SIGN_STYLE = Automatic;
				INFOPLIST_FILE = PriceCalculatorTests/Info.plist;
				IPHONEOS_DEPLOYMENT_TARGET = 14.0;
				LD_RUNPATH_SEARCH_PATHS = (
					"$(inherited)",
					"@executable_path/Frameworks",
					"@loader_path/Frameworks",
				);
				PRODUCT_BUNDLE_IDENTIFIER = com.brightai.PriceCalculatorTests;
				PRODUCT_NAME = "$(TARGET_NAME)";
				SWIFT_VERSION = 5.0;
				TARGETED_DEVICE_FAMILY = "1,2";
				TEST_HOST = "$(BUILT_PRODUCTS_DIR)/PriceCalculator.app/PriceCalculator";
			};
			name = Debug;
		};
		63CD67C32628F394002B92F9 /* Release */ = {
			isa = XCBuildConfiguration;
			buildSettings = {
				ALWAYS_EMBED_SWIFT_STANDARD_LIBRARIES = YES;
				BUNDLE_LOADER = "$(TEST_HOST)";
				CODE_SIGN_STYLE = Automatic;
				INFOPLIST_FILE = PriceCalculatorTests/Info.plist;
				IPHONEOS_DEPLOYMENT_TARGET = 14.0;
				LD_RUNPATH_SEARCH_PATHS = (
					"$(inherited)",
					"@executable_path/Frameworks",
					"@loader_path/Frameworks",
				);
				PRODUCT_BUNDLE_IDENTIFIER = com.brightai.PriceCalculatorTests;
				PRODUCT_NAME = "$(TARGET_NAME)";
				SWIFT_VERSION = 5.0;
				TARGETED_DEVICE_FAMILY = "1,2";
				TEST_HOST = "$(BUILT_PRODUCTS_DIR)/PriceCalculator.app/PriceCalculator";
			};
			name = Release;
		};
		63CD67C52628F394002B92F9 /* Debug */ = {
			isa = XCBuildConfiguration;
			buildSettings = {
				ALWAYS_EMBED_SWIFT_STANDARD_LIBRARIES = YES;
				CODE_SIGN_STYLE = Automatic;
				INFOPLIST_FILE = PriceCalculatorUITests/Info.plist;
				LD_RUNPATH_SEARCH_PATHS = (
					"$(inherited)",
					"@executable_path/Frameworks",
					"@loader_path/Frameworks",
				);
				PRODUCT_BUNDLE_IDENTIFIER = com.brightai.PriceCalculatorUITests;
				PRODUCT_NAME = "$(TARGET_NAME)";
				SWIFT_VERSION = 5.0;
				TARGETED_DEVICE_FAMILY = "1,2";
				TEST_TARGET_NAME = PriceCalculator;
			};
			name = Debug;
		};
		63CD67C62628F394002B92F9 /* Release */ = {
			isa = XCBuildConfiguration;
			buildSettings = {
				ALWAYS_EMBED_SWIFT_STANDARD_LIBRARIES = YES;
				CODE_SIGN_STYLE = Automatic;
				INFOPLIST_FILE = PriceCalculatorUITests/Info.plist;
				LD_RUNPATH_SEARCH_PATHS = (
					"$(inherited)",
					"@executable_path/Frameworks",
					"@loader_path/Frameworks",
				);
				PRODUCT_BUNDLE_IDENTIFIER = com.brightai.PriceCalculatorUITests;
				PRODUCT_NAME = "$(TARGET_NAME)";
				SWIFT_VERSION = 5.0;
				TARGETED_DEVICE_FAMILY = "1,2";
				TEST_TARGET_NAME = PriceCalculator;
			};
			name = Release;
		};
/* End XCBuildConfiguration section */

/* Begin XCConfigurationList section */
		63CD67942628F392002B92F9 /* Build configuration list for PBXProject "PriceCalculator" */ = {
			isa = XCConfigurationList;
			buildConfigurations = (
				63CD67BC2628F394002B92F9 /* Debug */,
				63CD67BD2628F394002B92F9 /* Release */,
			);
			defaultConfigurationIsVisible = 0;
			defaultConfigurationName = Release;
		};
		63CD67BE2628F394002B92F9 /* Build configuration list for PBXNativeTarget "PriceCalculator" */ = {
			isa = XCConfigurationList;
			buildConfigurations = (
				63CD67BF2628F394002B92F9 /* Debug */,
				63CD67C02628F394002B92F9 /* Release */,
			);
			defaultConfigurationIsVisible = 0;
			defaultConfigurationName = Release;
		};
		63CD67C12628F394002B92F9 /* Build configuration list for PBXNativeTarget "PriceCalculatorTests" */ = {
			isa = XCConfigurationList;
			buildConfigurations = (
				63CD67C22628F394002B92F9 /* Debug */,
				63CD67C32628F394002B92F9 /* Release */,
			);
			defaultConfigurationIsVisible = 0;
			defaultConfigurationName = Release;
		};
		63CD67C42628F394002B92F9 /* Build configuration list for PBXNativeTarget "PriceCalculatorUITests" */ = {
			isa = XCConfigurationList;
			buildConfigurations = (
				63CD67C52628F394002B92F9 /* Debug */,
				63CD67C62628F394002B92F9 /* Release */,
			);
			defaultConfigurationIsVisible = 0;
			defaultConfigurationName = Release;
		};
/* End XCConfigurationList section */
	};
	rootObject = 63CD67912628F392002B92F9 /* Project object */;
}
